
Microsoft Visual Studio Solution File, Format Version 12.00
# Visual Studio Version 17
VisualStudioVersion = 17.8.34309.116
MinimumVisualStudioVersion = 10.0.40219.1
Project("{9A19103F-16F7-4668-BE54-9A1E7A4F7556}") = "BookTrackingApp", "BookTrackingApp\BookTrackingApp.csproj", "{067C7F10-6ABB-4B3D-95CF-966751E5A947}"
EndProject
Global
	GlobalSection(SolutionConfigurationPlatforms) = preSolution
		Debug|Any CPU = Debug|Any CPU
		Release|Any CPU = Release|Any CPU
	EndGlobalSection
	GlobalSection(ProjectConfigurationPlatforms) = postSolution
		{067C7F10-6ABB-4B3D-95CF-966751E5A947}.Debug|Any CPU.ActiveCfg = Debug|Any CPU
		{067C7F10-6ABB-4B3D-95CF-966751E5A947}.Debug|Any CPU.Build.0 = Debug|Any CPU
		{067C7F10-6ABB-4B3D-95CF-966751E5A947}.Release|Any CPU.ActiveCfg = Release|Any CPU
		{067C7F10-6ABB-4B3D-95CF-966751E5A947}.Release|Any CPU.Build.0 = Release|Any CPU
	EndGlobalSection
	GlobalSection(SolutionProperties) = preSolution
		HideSolutionNode = FALSE
	EndGlobalSection
	GlobalSection(ExtensibilityGlobals) = postSolution
		SolutionGuid = {B19F3BD2-AF50-419D-936E-8B19DAA79CF6}
	EndGlobalSection
EndGlobal
